
Microsoft Visual Studio Solution File, Format Version 12.00
# Visual Studio Version 16
VisualStudioVersion = 16.0.30503.244
MinimumVisualStudioVersion = 10.0.40219.1
Project("{FAE04EC0-301F-11D3-BF4B-00C04F79EFBC}") = "Spel", "Spel\Spel.csproj", "{C9DDC5E3-AC07-4698-99F8-E323A58FEF6E}"
EndProject
Global
	GlobalSection(SolutionConfigurationPlatforms) = preSolution
		Debug|Any CPU = Debug|Any CPU
		Release|Any CPU = Release|Any CPU
	EndGlobalSection
	GlobalSection(ProjectConfigurationPlatforms) = postSolution
		{C9DDC5E3-AC07-4698-99F8-E323A58FEF6E}.Debug|Any CPU.ActiveCfg = Debug|Any CPU
		{C9DDC5E3-AC07-4698-99F8-E323A58FEF6E}.Debug|Any CPU.Build.0 = Debug|Any CPU
		{C9DDC5E3-AC07-4698-99F8-E323A58FEF6E}.Release|Any CPU.ActiveCfg = Release|Any CPU
		{C9DDC5E3-AC07-4698-99F8-E323A58FEF6E}.Release|Any CPU.Build.0 = Release|Any CPU
	EndGlobalSection
	GlobalSection(SolutionProperties) = preSolution
		HideSolutionNode = FALSE
	EndGlobalSection
	GlobalSection(ExtensibilityGlobals) = postSolution
		SolutionGuid = {7CD7D677-9DEC-41EA-A348-30F4E1D77928}
	EndGlobalSection
EndGlobal
